github.com/tythe-protocol/z_test4 v0.0.0-20190301223648-41180ef412f2 h1:5qiGpQCs7d/XfLoN2fFL/7hhxb9QZDl5Q8+uAzxAmlI=
github.com/tythe-protocol/z_test4 v0.0.0-20190301223648-41180ef412f2/go.mod h1:efe3bv2kNt4zFvVDUzs/bEdJAdwqdmuCkEvxyfXi/RU=
github.com/tythe-protocol/z_test5 v0.0.0-20190302161925-70f2b931f165 h1:O/DAqkrMWGoYkUfi7Jk2sPl1lQ8coZ58utkr2wLcS1k=
github.com/tythe-protocol/z_test5 v0.0.0-20190302161925-70f2b931f165/go.mod h1:1jx10PhvScIIFeNLUXK0qnLZSmeerBMyhDTF7jUFg8A=
